
Microsoft Visual Studio Solution File, Format Version 12.00
# Visual Studio Version 17
VisualStudioVersion = 17.1.32228.430
MinimumVisualStudioVersion = 10.0.40219.1
Project("{9A19103F-16F7-4668-BE54-9A1E7A4F7556}") = "CircusTrein", "CircusTrein\CircusTrein.csproj", "{CC033B04-C965-467B-A71E-0F3AFD61AF0A}"
EndProject
Project("{FAE04EC0-301F-11D3-BF4B-00C04F79EFBC}") = "TestProject1", "TestProject1\TestProject1.csproj", "{D77B6510-5769-4A77-8028-8F736D34A2C3}"
EndProject
Global
	GlobalSection(SolutionConfigurationPlatforms) = preSolution
		Debug|Any CPU = Debug|Any CPU
		Release|Any CPU = Release|Any CPU
	EndGlobalSection
	GlobalSection(ProjectConfigurationPlatforms) = postSolution
		{CC033B04-C965-467B-A71E-0F3AFD61AF0A}.Debug|Any CPU.ActiveCfg = Debug|Any CPU
		{CC033B04-C965-467B-A71E-0F3AFD61AF0A}.Debug|Any CPU.Build.0 = Debug|Any CPU
		{CC033B04-C965-467B-A71E-0F3AFD61AF0A}.Release|Any CPU.ActiveCfg = Release|Any CPU
		{CC033B04-C965-467B-A71E-0F3AFD61AF0A}.Release|Any CPU.Build.0 = Release|Any CPU
		{D77B6510-5769-4A77-8028-8F736D34A2C3}.Debug|Any CPU.ActiveCfg = Debug|Any CPU
		{D77B6510-5769-4A77-8028-8F736D34A2C3}.Debug|Any CPU.Build.0 = Debug|Any CPU
		{D77B6510-5769-4A77-8028-8F736D34A2C3}.Release|Any CPU.ActiveCfg = Release|Any CPU
		{D77B6510-5769-4A77-8028-8F736D34A2C3}.Release|Any CPU.Build.0 = Release|Any CPU
	EndGlobalSection
	GlobalSection(SolutionProperties) = preSolution
		HideSolutionNode = FALSE
	EndGlobalSection
	GlobalSection(ExtensibilityGlobals) = postSolution
		SolutionGuid = {1383582D-04ED-43C1-9A75-EC2D45DC00D0}
	EndGlobalSection
EndGlobal
